
Microsoft Visual Studio Solution File, Format Version 12.00
# Visual Studio Version 16
VisualStudioVersion = 16.0.30104.148
MinimumVisualStudioVersion = 10.0.40219.1
Project("{FAE04EC0-301F-11D3-BF4B-00C04F79EFBC}") = "ProductUsageCollector", "ProductUsageCollector\ProductUsageCollector.csproj", "{0E4A3B68-48FC-4567-87C1-728181A428B9}"
EndProject
Global
	GlobalSection(SolutionConfigurationPlatforms) = preSolution
		Debug|Any CPU = Debug|Any CPU
		Release|Any CPU = Release|Any CPU
	EndGlobalSection
	GlobalSection(ProjectConfigurationPlatforms) = postSolution
		{0E4A3B68-48FC-4567-87C1-728181A428B9}.Debug|Any CPU.ActiveCfg = Debug|Any CPU
		{0E4A3B68-48FC-4567-87C1-728181A428B9}.Debug|Any CPU.Build.0 = Debug|Any CPU
		{0E4A3B68-48FC-4567-87C1-728181A428B9}.Release|Any CPU.ActiveCfg = Release|Any CPU
		{0E4A3B68-48FC-4567-87C1-728181A428B9}.Release|Any CPU.Build.0 = Release|Any CPU
	EndGlobalSection
	GlobalSection(SolutionProperties) = preSolution
		HideSolutionNode = FALSE
	EndGlobalSection
	GlobalSection(ExtensibilityGlobals) = postSolution
		SolutionGuid = {088E31CD-C304-4E42-8833-DE81682C4A43}
	EndGlobalSection
EndGlobal
